
Microsoft Visual Studio Solution File, Format Version 11.00
# Visual Studio 2010
Project("{FAE04EC0-301F-11D3-BF4B-00C04F79EFBC}") = "Data", "Data\Data.csproj", "{A6422D1A-3BF8-4B1F-A56D-D7722BDF8C91}"
EndProject
Project("{FAE04EC0-301F-11D3-BF4B-00C04F79EFBC}") = "Web", "Web\Web.csproj", "{7BB6F928-E1A2-4F5D-81A6-95904F925141}"
EndProject
Project("{FAE04EC0-301F-11D3-BF4B-00C04F79EFBC}") = "UnitTesting", "UnitTesting\UnitTesting.csproj", "{24EBF1C7-C9A6-4CDB-85EF-D8D51AC4363C}"
EndProject
Project("{FAE04EC0-301F-11D3-BF4B-00C04F79EFBC}") = "Infrastructure", "Infrastructure\Infrastructure.csproj", "{DD5888CF-8570-4A82-8C2F-0F16040584AA}"
EndProject
Project("{FAE04EC0-301F-11D3-BF4B-00C04F79EFBC}") = "PhoneSystem", "PhoneSystem\PhoneSystem.csproj", "{3334A96B-4316-44D6-961C-B644D670BD88}"
EndProject
Global
	GlobalSection(SolutionConfigurationPlatforms) = preSolution
		Debug|Any CPU = Debug|Any CPU
		Release|Any CPU = Release|Any CPU
		Test|Any CPU = Test|Any CPU
	EndGlobalSection
	GlobalSection(ProjectConfigurationPlatforms) = postSolution
		{A6422D1A-3BF8-4B1F-A56D-D7722BDF8C91}.Debug|Any CPU.ActiveCfg = Debug|Any CPU
		{A6422D1A-3BF8-4B1F-A56D-D7722BDF8C91}.Debug|Any CPU.Build.0 = Debug|Any CPU
		{A6422D1A-3BF8-4B1F-A56D-D7722BDF8C91}.Release|Any CPU.ActiveCfg = Release|Any CPU
		{A6422D1A-3BF8-4B1F-A56D-D7722BDF8C91}.Release|Any CPU.Build.0 = Release|Any CPU
		{A6422D1A-3BF8-4B1F-A56D-D7722BDF8C91}.Test|Any CPU.ActiveCfg = Test|Any CPU
		{A6422D1A-3BF8-4B1F-A56D-D7722BDF8C91}.Test|Any CPU.Build.0 = Test|Any CPU
		{7BB6F928-E1A2-4F5D-81A6-95904F925141}.Debug|Any CPU.ActiveCfg = Debug|Any CPU
		{7BB6F928-E1A2-4F5D-81A6-95904F925141}.Debug|Any CPU.Build.0 = Debug|Any CPU
		{7BB6F928-E1A2-4F5D-81A6-95904F925141}.Release|Any CPU.ActiveCfg = Release|Any CPU
		{7BB6F928-E1A2-4F5D-81A6-95904F925141}.Release|Any CPU.Build.0 = Release|Any CPU
		{7BB6F928-E1A2-4F5D-81A6-95904F925141}.Test|Any CPU.ActiveCfg = Test|Any CPU
		{7BB6F928-E1A2-4F5D-81A6-95904F925141}.Test|Any CPU.Build.0 = Test|Any CPU
		{24EBF1C7-C9A6-4CDB-85EF-D8D51AC4363C}.Debug|Any CPU.ActiveCfg = Debug|Any CPU
		{24EBF1C7-C9A6-4CDB-85EF-D8D51AC4363C}.Debug|Any CPU.Build.0 = Debug|Any CPU
		{24EBF1C7-C9A6-4CDB-85EF-D8D51AC4363C}.Release|Any CPU.ActiveCfg = Release|Any CPU
		{24EBF1C7-C9A6-4CDB-85EF-D8D51AC4363C}.Release|Any CPU.Build.0 = Release|Any CPU
		{24EBF1C7-C9A6-4CDB-85EF-D8D51AC4363C}.Test|Any CPU.ActiveCfg = Test|Any CPU
		{24EBF1C7-C9A6-4CDB-85EF-D8D51AC4363C}.Test|Any CPU.Build.0 = Test|Any CPU
		{DD5888CF-8570-4A82-8C2F-0F16040584AA}.Debug|Any CPU.ActiveCfg = Debug|Any CPU
		{DD5888CF-8570-4A82-8C2F-0F16040584AA}.Debug|Any CPU.Build.0 = Debug|Any CPU
		{DD5888CF-8570-4A82-8C2F-0F16040584AA}.Release|Any CPU.ActiveCfg = Release|Any CPU
		{DD5888CF-8570-4A82-8C2F-0F16040584AA}.Release|Any CPU.Build.0 = Release|Any CPU
		{DD5888CF-8570-4A82-8C2F-0F16040584AA}.Test|Any CPU.ActiveCfg = Test|Any CPU
		{DD5888CF-8570-4A82-8C2F-0F16040584AA}.Test|Any CPU.Build.0 = Test|Any CPU
		{3334A96B-4316-44D6-961C-B644D670BD88}.Debug|Any CPU.ActiveCfg = Debug|Any CPU
		{3334A96B-4316-44D6-961C-B644D670BD88}.Debug|Any CPU.Build.0 = Debug|Any CPU
		{3334A96B-4316-44D6-961C-B644D670BD88}.Release|Any CPU.ActiveCfg = Release|Any CPU
		{3334A96B-4316-44D6-961C-B644D670BD88}.Release|Any CPU.Build.0 = Release|Any CPU
		{3334A96B-4316-44D6-961C-B644D670BD88}.Test|Any CPU.ActiveCfg = Test|Any CPU
		{3334A96B-4316-44D6-961C-B644D670BD88}.Test|Any CPU.Build.0 = Test|Any CPU
	EndGlobalSection
	GlobalSection(SolutionProperties) = preSolution
		HideSolutionNode = FALSE
	EndGlobalSection
EndGlobal
